<Solution>
  <Project Path="kiriyamalauncher.Data/kiriyamalauncher.Data.csproj" Id="9EB7F757-4671-4EE3-AF62-31C68C116B1F" />
  <Project Path="kiriyamalauncher.Business/kiriyamalauncher.Business.csproj" Id="E339A5AA-6160-42A6-8D06-A746AF91C280" />
  <Project Path="kiriyamalauncher.Presentation/kiriyamalauncher.Presentation.csproj" Id="5384FFC5-45DF-4424-8228-EA122189927B" />
</Solution>
